
Microsoft Visual Studio Solution File, Format Version 12.00
# Visual Studio Version 17
VisualStudioVersion = 17.9.34723.18
MinimumVisualStudioVersion = 10.0.40219.1
Project("{9A19103F-16F7-4668-BE54-9A1E7A4F7556}") = "Calendar", "Calendar\Calendar.csproj", "{14764EF1-4100-4D85-BD9A-1D128F586355}"
EndProject
Project("{FAE04EC0-301F-11D3-BF4B-00C04F79EFBC}") = "FileWorkLib", "FileWorkLib\FileWorkLib.csproj", "{49FF7C04-C01A-4C7E-AD9C-7DF71209ECF3}"
EndProject
Global
	GlobalSection(SolutionConfigurationPlatforms) = preSolution
		Debug|Any CPU = Debug|Any CPU
		Release|Any CPU = Release|Any CPU
	EndGlobalSection
	GlobalSection(ProjectConfigurationPlatforms) = postSolution
		{14764EF1-4100-4D85-BD9A-1D128F586355}.Debug|Any CPU.ActiveCfg = Debug|Any CPU
		{14764EF1-4100-4D85-BD9A-1D128F586355}.Debug|Any CPU.Build.0 = Debug|Any CPU
		{14764EF1-4100-4D85-BD9A-1D128F586355}.Release|Any CPU.ActiveCfg = Release|Any CPU
		{14764EF1-4100-4D85-BD9A-1D128F586355}.Release|Any CPU.Build.0 = Release|Any CPU
		{49FF7C04-C01A-4C7E-AD9C-7DF71209ECF3}.Debug|Any CPU.ActiveCfg = Debug|Any CPU
		{49FF7C04-C01A-4C7E-AD9C-7DF71209ECF3}.Debug|Any CPU.Build.0 = Debug|Any CPU
		{49FF7C04-C01A-4C7E-AD9C-7DF71209ECF3}.Release|Any CPU.ActiveCfg = Release|Any CPU
		{49FF7C04-C01A-4C7E-AD9C-7DF71209ECF3}.Release|Any CPU.Build.0 = Release|Any CPU
	EndGlobalSection
	GlobalSection(SolutionProperties) = preSolution
		HideSolutionNode = FALSE
	EndGlobalSection
	GlobalSection(ExtensibilityGlobals) = postSolution
		SolutionGuid = {9F6257C7-A545-4713-97AB-8BFF51690E61}
	EndGlobalSection
EndGlobal
